{
  "version": 4,
  "terraform_version": "1.5.7",
  "serial": 58,
  "lineage": "c9c5b69a-7198-4d9f-d97a-abef1b3d30c6",
  "outputs": {
    "JenkinsDNS": {
      "value": "ec2-54-226-42-131.compute-1.amazonaws.com",
      "type": "string"
    },
    "JenkinsURL": {
      "value": "http://ec2-54-226-42-131.compute-1.amazonaws.com:8080",
      "type": "string"
    }
  },
  "resources": [
    {
      "mode": "managed",
      "type": "aws_iam_instance_profile",
      "name": "tf-jenkins-server-profile",
      "provider": "provider[\"registry.terraform.io/hashicorp/aws\"]",
      "instances": [
        {
          "schema_version": 0,
          "attributes": {
            "arn": "arn:aws:iam::565393052937:instance-profile/petclinic-jenkins-profile-tr",
            "create_date": "2025-10-09T09:30:16Z",
            "id": "petclinic-jenkins-profile-tr",
            "name": "petclinic-jenkins-profile-tr",
            "name_prefix": "",
            "path": "/",
            "role": "petclinic-jenkins-server-role",
            "tags": null,
            "tags_all": {},
            "unique_id": "AIPAYHJANKUE2PU5EHSBF"
          },
          "sensitive_attributes": [],
          "private": "bnVsbA==",
          "dependencies": [
            "aws_iam_role.tf-jenkins-server-role"
          ]
        }
      ]
    },
    {
      "mode": "managed",
      "type": "aws_iam_role",
      "name": "tf-jenkins-server-role",
      "provider": "provider[\"registry.terraform.io/hashicorp/aws\"]",
      "instances": [
        {
          "schema_version": 0,
          "attributes": {
            "arn": "arn:aws:iam::565393052937:role/petclinic-jenkins-server-role",
            "assume_role_policy": "{\"Statement\":[{\"Action\":\"sts:AssumeRole\",\"Effect\":\"Allow\",\"Principal\":{\"Service\":\"ec2.amazonaws.com\"},\"Sid\":\"\"}],\"Version\":\"2012-10-17\"}",
            "create_date": "2025-10-09T09:30:15Z",
            "description": "",
            "force_detach_policies": false,
            "id": "petclinic-jenkins-server-role",
            "inline_policy": [],
            "managed_policy_arns": [],
            "max_session_duration": 3600,
            "name": "petclinic-jenkins-server-role",
            "name_prefix": "",
            "path": "/",
            "permissions_boundary": "",
            "tags": null,
            "tags_all": {},
            "unique_id": "AROAYHJANKUEYYP6IRFFQ"
          },
          "sensitive_attributes": [],
          "private": "bnVsbA=="
        }
      ]
    },
    {
      "mode": "managed",
      "type": "aws_iam_role_policy_attachment",
      "name": "jenkins_admin_policy",
      "provider": "provider[\"registry.terraform.io/hashicorp/aws\"]",
      "instances": [
        {
          "schema_version": 0,
          "attributes": {
            "id": "petclinic-jenkins-server-role/arn:aws:iam::aws:policy/AdministratorAccess",
            "policy_arn": "arn:aws:iam::aws:policy/AdministratorAccess",
            "role": "petclinic-jenkins-server-role"
          },
          "sensitive_attributes": [],
          "private": "bnVsbA==",
          "dependencies": [
            "aws_iam_role.tf-jenkins-server-role"
          ]
        }
      ]
    },
    {
      "mode": "managed",
      "type": "aws_iam_role_policy_attachment",
      "name": "jenkins_cloudformation_policy",
      "provider": "provider[\"registry.terraform.io/hashicorp/aws\"]",
      "instances": [
        {
          "schema_version": 0,
          "attributes": {
            "id": "petclinic-jenkins-server-role/arn:aws:iam::aws:policy/AWSCloudFormationFullAccess",
            "policy_arn": "arn:aws:iam::aws:policy/AWSCloudFormationFullAccess",
            "role": "petclinic-jenkins-server-role"
          },
          "sensitive_attributes": [],
          "private": "bnVsbA==",
          "dependencies": [
            "aws_iam_role.tf-jenkins-server-role"
          ]
        }
      ]
    },
    {
      "mode": "managed",
      "type": "aws_iam_role_policy_attachment",
      "name": "jenkins_ecr_policy",
      "provider": "provider[\"registry.terraform.io/hashicorp/aws\"]",
      "instances": [
        {
          "schema_version": 0,
          "attributes": {
            "id": "petclinic-jenkins-server-role/arn:aws:iam::aws:policy/AmazonEC2ContainerRegistryFullAccess",
            "policy_arn": "arn:aws:iam::aws:policy/AmazonEC2ContainerRegistryFullAccess",
            "role": "petclinic-jenkins-server-role"
          },
          "sensitive_attributes": [],
          "private": "bnVsbA==",
          "dependencies": [
            "aws_iam_role.tf-jenkins-server-role"
          ]
        }
      ]
    },
    {
      "mode": "managed",
      "type": "aws_instance",
      "name": "tf-jenkins-server",
      "provider": "provider[\"registry.terraform.io/hashicorp/aws\"]",
      "instances": [
        {
          "schema_version": 2,
          "attributes": {
            "ami": "ami-00ca32bbc84273381",
            "arn": "arn:aws:ec2:us-east-1:565393052937:instance/i-0294021e721d09cd5",
            "associate_public_ip_address": true,
            "availability_zone": "us-east-1c",
            "capacity_reservation_specification": [
              {
                "capacity_reservation_preference": "open",
                "capacity_reservation_target": []
              }
            ],
            "cpu_options": [
              {
                "amd_sev_snp": "",
                "core_count": 1,
                "threads_per_core": 2
              }
            ],
            "credit_specification": [
              {
                "cpu_credits": "unlimited"
              }
            ],
            "disable_api_stop": false,
            "disable_api_termination": false,
            "ebs_block_device": [],
            "ebs_optimized": false,
            "enable_primary_ipv6": null,
            "enclave_options": [
              {
                "enabled": false
              }
            ],
            "ephemeral_block_device": [],
            "force_destroy": false,
            "get_password_data": false,
            "hibernation": false,
            "host_id": "",
            "host_resource_group_arn": null,
            "iam_instance_profile": "petclinic-jenkins-profile-tr",
            "id": "i-0294021e721d09cd5",
            "instance_initiated_shutdown_behavior": "stop",
            "instance_lifecycle": "",
            "instance_market_options": [],
            "instance_state": "running",
            "instance_type": "t3a.medium",
            "ipv6_address_count": 0,
            "ipv6_addresses": [],
            "key_name": "nesekeypair20",
            "launch_template": [],
            "maintenance_options": [
              {
                "auto_recovery": "default"
              }
            ],
            "metadata_options": [
              {
                "http_endpoint": "enabled",
                "http_protocol_ipv6": "disabled",
                "http_put_response_hop_limit": 2,
                "http_tokens": "required",
                "instance_metadata_tags": "disabled"
              }
            ],
            "monitoring": false,
            "network_interface": [],
            "outpost_arn": "",
            "password_data": "",
            "placement_group": "",
            "placement_group_id": "",
            "placement_partition_number": 0,
            "primary_network_interface": [
              {
                "delete_on_termination": true,
                "network_interface_id": "eni-06ad4724a0d40a4c1"
              }
            ],
            "primary_network_interface_id": "eni-06ad4724a0d40a4c1",
            "private_dns": "ip-172-31-46-219.ec2.internal",
            "private_dns_name_options": [
              {
                "enable_resource_name_dns_a_record": false,
                "enable_resource_name_dns_aaaa_record": false,
                "hostname_type": "ip-name"
              }
            ],
            "private_ip": "172.31.46.219",
            "public_dns": "ec2-54-226-42-131.compute-1.amazonaws.com",
            "public_ip": "54.226.42.131",
            "region": "us-east-1",
            "root_block_device": [
              {
                "delete_on_termination": true,
                "device_name": "/dev/xvda",
                "encrypted": false,
                "iops": 3000,
                "kms_key_id": "",
                "tags": null,
                "tags_all": {},
                "throughput": 125,
                "volume_id": "vol-0379c7c24e184d381",
                "volume_size": 16,
                "volume_type": "gp3"
              }
            ],
            "secondary_private_ips": [],
            "security_groups": [
              "petclinic-jenkins-server-secgr"
            ],
            "source_dest_check": true,
            "spot_instance_request_id": "",
            "subnet_id": "subnet-0b7c0d2206a803a65",
            "tags": {
              "Name": "Jenkins Server of Petclinic",
              "server": "Jenkins"
            },
            "tags_all": {
              "Name": "Jenkins Server of Petclinic",
              "server": "Jenkins"
            },
            "tenancy": "default",
            "timeouts": null,
            "user_data": "#! /bin/bash\n# update os\ndnf update -y\n# set server hostname as jenkins-server\nhostnamectl set-hostname jenkins-server\n# install git\ndnf install git -y\n# install java 11\ndnf install fontconfig java-17-amazon-corretto -y\n\n# install jenkins\nwget -O /etc/yum.repos.d/jenkins.repo https://pkg.jenkins.io/redhat-stable/jenkins.repo\nrpm --import https://pkg.jenkins.io/redhat/jenkins.io-2023.key\ndnf upgrade -y\ndnf install jenkins -y\n\n# install docker\ndnf install docker -y\nsystemctl start docker\nsystemctl enable docker\nusermod -a -G docker ec2-user\nusermod -a -G docker jenkins\nsystemctl enable jenkins\nsystemctl start jenkins\n# install docker compose\ncurl -SL https://github.com/docker/compose/releases/download/v2.36.0/docker-compose-linux-x86_64 -o /usr/local/bin/docker-compose\nchmod +x /usr/local/bin/docker-compose\n# install python 3\ndnf install -y python3-pip python3-devel\n# install ansible\npip3 install ansible\n# install boto3\npip3 install boto3 botocore\n# install terraform\nwget https://releases.hashicorp.com/terraform/1.13.1/terraform_1.13.1_linux_amd64.zip\nunzip terraform_1.13.1_linux_amd64.zip -d /usr/local/bin\n",
            "user_data_base64": null,
            "user_data_replace_on_change": false,
            "volume_tags": null,
            "vpc_security_group_ids": [
              "sg-0ff2c914f4d4e08d6"
            ]
          },
          "sensitive_attributes": [],
          "private": "eyJlMmJmYjczMC1lY2FhLTExZTYtOGY4OC0zNDM2M2JjN2M0YzAiOnsiY3JlYXRlIjo2MDAwMDAwMDAwMDAsImRlbGV0ZSI6MTIwMDAwMDAwMDAwMCwicmVhZCI6OTAwMDAwMDAwMDAwLCJ1cGRhdGUiOjYwMDAwMDAwMDAwMH0sInNjaGVtYV92ZXJzaW9uIjoiMiJ9",
          "dependencies": [
            "aws_iam_instance_profile.tf-jenkins-server-profile",
            "aws_iam_role.tf-jenkins-server-role",
            "aws_security_group.tf-jenkins-sec-gr"
          ]
        }
      ]
    },
    {
      "mode": "managed",
      "type": "aws_security_group",
      "name": "tf-jenkins-sec-gr",
      "provider": "provider[\"registry.terraform.io/hashicorp/aws\"]",
      "instances": [
        {
          "schema_version": 1,
          "attributes": {
            "arn": "arn:aws:ec2:us-east-1:565393052937:security-group/sg-0ff2c914f4d4e08d6",
            "description": "Managed by Terraform",
            "egress": [
              {
                "cidr_blocks": [
                  "0.0.0.0/0"
                ],
                "description": "",
                "from_port": 0,
                "ipv6_cidr_blocks": [],
                "prefix_list_ids": [],
                "protocol": "-1",
                "security_groups": [],
                "self": false,
                "to_port": 0
              }
            ],
            "id": "sg-0ff2c914f4d4e08d6",
            "ingress": [
              {
                "cidr_blocks": [
                  "0.0.0.0/0"
                ],
                "description": "",
                "from_port": 22,
                "ipv6_cidr_blocks": [],
                "prefix_list_ids": [],
                "protocol": "tcp",
                "security_groups": [],
                "self": false,
                "to_port": 22
              },
              {
                "cidr_blocks": [
                  "0.0.0.0/0"
                ],
                "description": "",
                "from_port": 8080,
                "ipv6_cidr_blocks": [],
                "prefix_list_ids": [],
                "protocol": "tcp",
                "security_groups": [],
                "self": false,
                "to_port": 8080
              },
              {
                "cidr_blocks": [
                  "0.0.0.0/0"
                ],
                "description": "",
                "from_port": 80,
                "ipv6_cidr_blocks": [],
                "prefix_list_ids": [],
                "protocol": "tcp",
                "security_groups": [],
                "self": false,
                "to_port": 80
              }
            ],
            "name": "petclinic-jenkins-server-secgr",
            "name_prefix": "",
            "owner_id": "565393052937",
            "region": "us-east-1",
            "revoke_rules_on_delete": false,
            "tags": {
              "Name": "petclinic-jenkins-server-secgr"
            },
            "tags_all": {
              "Name": "petclinic-jenkins-server-secgr"
            },
            "timeouts": null,
            "vpc_id": "vpc-0be11b42675edde6e"
          },
          "sensitive_attributes": [],
          "private": "eyJlMmJmYjczMC1lY2FhLTExZTYtOGY4OC0zNDM2M2JjN2M0YzAiOnsiY3JlYXRlIjo2MDAwMDAwMDAwMDAsImRlbGV0ZSI6OTAwMDAwMDAwMDAwfSwic2NoZW1hX3ZlcnNpb24iOiIxIn0="
        }
      ]
    }
  ],
  "check_results": null
}
